
Microsoft Visual Studio Solution File, Format Version 12.00
# Visual Studio Version 17
VisualStudioVersion = 17.4.33122.133
MinimumVisualStudioVersion = 10.0.40219.1
Project("{9A19103F-16F7-4668-BE54-9A1E7A4F7556}") = "Chat GPT ASP.NET", "Chat GPT ASP.NET.csproj", "{D65229E2-77A5-4700-A54D-43BC04F8E2E2}"
EndProject
Global
	GlobalSection(SolutionConfigurationPlatforms) = preSolution
		Debug|Any CPU = Debug|Any CPU
		Release|Any CPU = Release|Any CPU
	EndGlobalSection
	GlobalSection(ProjectConfigurationPlatforms) = postSolution
		{D65229E2-77A5-4700-A54D-43BC04F8E2E2}.Debug|Any CPU.ActiveCfg = Debug|Any CPU
		{D65229E2-77A5-4700-A54D-43BC04F8E2E2}.Debug|Any CPU.Build.0 = Debug|Any CPU
		{D65229E2-77A5-4700-A54D-43BC04F8E2E2}.Release|Any CPU.ActiveCfg = Release|Any CPU
		{D65229E2-77A5-4700-A54D-43BC04F8E2E2}.Release|Any CPU.Build.0 = Release|Any CPU
	EndGlobalSection
	GlobalSection(SolutionProperties) = preSolution
		HideSolutionNode = FALSE
	EndGlobalSection
	GlobalSection(ExtensibilityGlobals) = postSolution
		SolutionGuid = {9A1137E0-64C2-4A54-A35B-8735DE19CBE5}
	EndGlobalSection
EndGlobal
